// !$*UTF8*$!
{
	archiveVersion = 1;
	classes = {
	};
	objectVersion = 50;
	objects = {

/* Begin PBXBuildFile section */
		521CD84124460A4E0030F6EA /* AppDelegate.swift in Sources */ = {isa = PBXBuildFile; fileRef = 521CD84024460A4E0030F6EA /* AppDelegate.swift */; };
		521CD84324460A4E0030F6EA /* SceneDelegate.swift in Sources */ = {isa = PBXBuildFile; fileRef = 521CD84224460A4E0030F6EA /* SceneDelegate.swift */; };
		521CD84524460A4E0030F6EA /* ViewController.swift in Sources */ = {isa = PBXBuildFile; fileRef = 521CD84424460A4E0030F6EA /* ViewController.swift */; };
		521CD84A24460A4F0030F6EA /* Assets.xcassets in Resources */ = {isa = PBXBuildFile; fileRef = 521CD84924460A4F0030F6EA /* Assets.xcassets */; };
		521CD84D24460A4F0030F6EA /* LaunchScreen.storyboard in Resources */ = {isa = PBXBuildFile; fileRef = 521CD84B24460A4F0030F6EA /* LaunchScreen.storyboard */; };
		521CD855244610760030F6EA /* cafteria.swift in Sources */ = {isa = PBXBuildFile; fileRef = 521CD854244610760030F6EA /* cafteria.swift */; };
		52A0CAB024473527000F186C /* CustomTableViewCell.swift in Sources */ = {isa = PBXBuildFile; fileRef = 52A0CAAF24473527000F186C /* CustomTableViewCell.swift */; };
/* End PBXBuildFile section */

/* Begin PBXFileReference section */
		521CD83D24460A4E0030F6EA /* Cafetria-No-Storyboard.app */ = {isa = PBXFileReference; explicitFileType = wrapper.application; includeInIndex = 0; path = "Cafetria-No-Storyboard.app"; sourceTree = BUILT_PRODUCTS_DIR; };
		521CD84024460A4E0030F6EA /* AppDelegate.swift */ = {isa = PBXFileReference; lastKnownFileType = sourcecode.swift; path = AppDelegate.swift; sourceTree = "<group>"; };
		521CD84224460A4E0030F6EA /* SceneDelegate.swift */ = {isa = PBXFileReference; lastKnownFileType = sourcecode.swift; path = SceneDelegate.swift; sourceTree = "<group>"; };
		521CD84424460A4E0030F6EA /* ViewController.swift */ = {isa = PBXFileReference; lastKnownFileType = sourcecode.swift; path = ViewController.swift; sourceTree = "<group>"; };
		521CD84924460A4F0030F6EA /* Assets.xcassets */ = {isa = PBXFileReference; lastKnownFileType = folder.assetcatalog; path = Assets.xcassets; sourceTree = "<group>"; };
		521CD84C24460A4F0030F6EA /* Base */ = {isa = PBXFileReference; lastKnownFileType = file.storyboard; name = Base; path = Base.lproj/LaunchScreen.storyboard; sourceTree = "<group>"; };
		521CD84E24460A4F0030F6EA /* Info.plist */ = {isa = PBXFileReference; lastKnownFileType = text.plist.xml; path = Info.plist; sourceTree = "<group>"; };
		521CD854244610760030F6EA /* cafteria.swift */ = {isa = PBXFileReference; lastKnownFileType = sourcecode.swift; path = cafteria.swift; sourceTree = "<group>"; };
		52A0CAAF24473527000F186C /* CustomTableViewCell.swift */ = {isa = PBXFileReference; lastKnownFileType = sourcecode.swift; path = CustomTableViewCell.swift; sourceTree = "<group>"; };
/* End PBXFileReference section */

/* Begin PBXFrameworksBuildPhase section */
		521CD83A24460A4E0030F6EA /* Frameworks */ = {
			isa = PBXFrameworksBuildPhase;
			buildActionMask = 2147483647;
			files = (
			);
			runOnlyForDeploymentPostprocessing = 0;
		};
/* End PBXFrameworksBuildPhase section */

/* Begin PBXGroup section */
		521CD83424460A4E0030F6EA = {
			isa = PBXGroup;
			children = (
				521CD83F24460A4E0030F6EA /* Cafetria-No-Storyboard */,
				521CD83E24460A4E0030F6EA /* Products */,
			);
			sourceTree = "<group>";
		};
		521CD83E24460A4E0030F6EA /* Products */ = {
			isa = PBXGroup;
			children = (
				521CD83D24460A4E0030F6EA /* Cafetria-No-Storyboard.app */,
			);
			name = Products;
			sourceTree = "<group>";
		};
		521CD83F24460A4E0030F6EA /* Cafetria-No-Storyboard */ = {
			isa = PBXGroup;
			children = (
				521CD84024460A4E0030F6EA /* AppDelegate.swift */,
				521CD84224460A4E0030F6EA /* SceneDelegate.swift */,
				521CD84424460A4E0030F6EA /* ViewController.swift */,
				521CD84924460A4F0030F6EA /* Assets.xcassets */,
				521CD84B24460A4F0030F6EA /* LaunchScreen.storyboard */,
				521CD84E24460A4F0030F6EA /* Info.plist */,
				521CD854244610760030F6EA /* cafteria.swift */,
				52A0CAAF24473527000F186C /* CustomTableViewCell.swift */,
			);
			path = "Cafetria-No-Storyboard";
			sourceTree = "<group>";
		};
/* End PBXGroup section */

/* Begin PBXNativeTarget section */
		521CD83C24460A4E0030F6EA /* Cafetria-No-Storyboard */ = {
			isa = PBXNativeTarget;
			buildConfigurationList = 521CD85124460A4F0030F6EA /* Build configuration list for PBXNativeTarget "Cafetria-No-Storyboard" */;
			buildPhases = (
				521CD83924460A4E0030F6EA /* Sources */,
				521CD83A24460A4E0030F6EA /* Frameworks */,
				521CD83B24460A4E0030F6EA /* Resources */,
			);
			buildRules = (
			);
			dependencies = (
			);
			name = "Cafetria-No-Storyboard";
			productName = "Cafetria-No-Storyboard";
			productReference = 521CD83D24460A4E0030F6EA /* Cafetria-No-Storyboard.app */;
			productType = "com.apple.product-type.application";
		};
/* End PBXNativeTarget section */

/* Begin PBXProject section */
		521CD83524460A4E0030F6EA /* Project object */ = {
			isa = PBXProject;
			attributes = {
				LastSwiftUpdateCheck = 1140;
				LastUpgradeCheck = 1140;
				ORGANIZATIONNAME = MahmoudRamadan;
				TargetAttributes = {
					521CD83C24460A4E0030F6EA = {
						CreatedOnToolsVersion = 11.4;
					};
				};
			};
			buildConfigurationList = 521CD83824460A4E0030F6EA /* Build configuration list for PBXProject "Cafetria-No-Storyboard" */;
			compatibilityVersion = "Xcode 9.3";
			developmentRegion = en;
			hasScannedForEncodings = 0;
			knownRegions = (
				en,
				Base,
			);
			mainGroup = 521CD83424460A4E0030F6EA;
			productRefGroup = 521CD83E24460A4E0030F6EA /* Products */;
			projectDirPath = "";
			projectRoot = "";
			targets = (
				521CD83C24460A4E0030F6EA /* Cafetria-No-Storyboard */,
			);
		};
/* End PBXProject section */

/* Begin PBXResourcesBuildPhase section */
		521CD83B24460A4E0030F6EA /* Resources */ = {
			isa = PBXResourcesBuildPhase;
			buildActionMask = 2147483647;
			files = (
				521CD84D24460A4F0030F6EA /* LaunchScreen.storyboard in Resources */,
				521CD84A24460A4F0030F6EA /* Assets.xcassets in Resources */,
			);
			runOnlyForDeploymentPostprocessing = 0;
		};
/* End PBXResourcesBuildPhase section */

/* Begin PBXSourcesBuildPhase section */
		521CD83924460A4E0030F6EA /* Sources */ = {
			isa = PBXSourcesBuildPhase;
			buildActionMask = 2147483647;
			files = (
				521CD855244610760030F6EA /* cafteria.swift in Sources */,
				52A0CAB024473527000F186C /* CustomTableViewCell.swift in Sources */,
				521CD84524460A4E0030F6EA /* ViewController.swift in Sources */,
				521CD84124460A4E0030F6EA /* AppDelegate.swift in Sources */,
				521CD84324460A4E0030F6EA /* SceneDelegate.swift in Sources */,
			);
			runOnlyForDeploymentPostprocessing = 0;
		};
/* End PBXSourcesBuildPhase section */

/* Begin PBXVariantGroup section */
		521CD84B24460A4F0030F6EA /* LaunchScreen.storyboard */ = {
			isa = PBXVariantGroup;
			children = (
				521CD84C24460A4F0030F6EA /* Base */,
			);
			name = LaunchScreen.storyboard;
			sourceTree = "<group>";
		};
/* End PBXVariantGroup section */

/* Begin XCBuildConfiguration section */
		521CD84F24460A4F0030F6EA /* Debug */ = {
			isa = XCBuildConfiguration;
			buildSettings = {
				ALWAYS_SEARCH_USER_PATHS = NO;
				CLANG_ANALYZER_NONNULL = YES;
				CLANG_ANALYZER_NUMBER_OBJECT_CONVERSION = YES_AGGRESSIVE;
				CLANG_CXX_LANGUAGE_STANDARD = "gnu++14";
				CLANG_CXX_LIBRARY = "libc++";
				CLANG_ENABLE_MODULES = YES;
				CLANG_ENABLE_OBJC_ARC = YES;
				CLANG_ENABLE_OBJC_WEAK = YES;
				CLANG_WARN_BLOCK_CAPTURE_AUTORELEASING = YES;
				CLANG_WARN_BOOL_CONVERSION = YES;
				CLANG_WARN_COMMA = YES;
				CLANG_WARN_CONSTANT_CONVERSION = YES;
				CLANG_WARN_DEPRECATED_OBJC_IMPLEMENTATIONS = YES;
				CLANG_WARN_DIRECT_OBJC_ISA_USAGE = YES_ERROR;
				CLANG_WARN_DOCUMENTATION_COMMENTS = YES;
				CLANG_WARN_EMPTY_BODY = YES;
				CLANG_WARN_ENUM_CONVERSION = YES;
				CLANG_WARN_INFINITE_RECURSION = YES;
				CLANG_WARN_INT_CONVERSION = YES;
				CLANG_WARN_NON_LITERAL_NULL_CONVERSION = YES;
				CLANG_WARN_OBJC_IMPLICIT_RETAIN_SELF = YES;
				CLANG_WARN_OBJC_LITERAL_CONVERSION = YES;
				CLANG_WARN_OBJC_ROOT_CLASS = YES_ERROR;
				CLANG_WARN_RANGE_LOOP_ANALYSIS = YES;
				CLANG_WARN_STRICT_PROTOTYPES = YES;
				CLANG_WARN_SUSPICIOUS_MOVE = YES;
				CLANG_WARN_UNGUARDED_AVAILABILITY = YES_AGGRESSIVE;
				CLANG_WARN_UNREACHABLE_CODE = YES;
				CLANG_WARN__DUPLICATE_METHOD_MATCH = YES;
				COPY_PHASE_STRIP = NO;
				DEBUG_INFORMATION_FORMAT = dwarf;
				ENABLE_STRICT_OBJC_MSGSEND = YES;
				ENABLE_TESTABILITY = YES;
				GCC_C_LANGUAGE_STANDARD = gnu11;
				GCC_DYNAMIC_NO_PIC = NO;
				GCC_NO_COMMON_BLOCKS = YES;
				GCC_OPTIMIZATION_LEVEL = 0;
				GCC_PREPROCESSOR_DEFINITIONS = (
					"DEBUG=1",
					"$(inherited)",
				);
				GCC_WARN_64_TO_32_BIT_CONVERSION = YES;
				GCC_WARN_ABOUT_RETURN_TYPE = YES_ERROR;
				GCC_WARN_UNDECLARED_SELECTOR = YES;
				GCC_WARN_UNINITIALIZED_AUTOS = YES_AGGRESSIVE;
				GCC_WARN_UNUSED_FUNCTION = YES;
				GCC_WARN_UNUSED_VARIABLE = YES;
				IPHONEOS_DEPLOYMENT_TARGET = 13.4;
				MTL_ENABLE_DEBUG_INFO = INCLUDE_SOURCE;
				MTL_FAST_MATH = YES;
				ONLY_ACTIVE_ARCH = YES;
				SDKROOT = iphoneos;
				SWIFT_ACTIVE_COMPILATION_CONDITIONS = DEBUG;
				SWIFT_OPTIMIZATION_LEVEL = "-Onone";
			};
			name = Debug;
		};
		521CD85024460A4F0030F6EA /* Release */ = {
			isa = XCBuildConfiguration;
			buildSettings = {
				ALWAYS_SEARCH_USER_PATHS = NO;
				CLANG_ANALYZER_NONNULL = YES;
				CLANG_ANALYZER_NUMBER_OBJECT_CONVERSION = YES_AGGRESSIVE;
				CLANG_CXX_LANGUAGE_STANDARD = "gnu++14";
				CLANG_CXX_LIBRARY = "libc++";
				CLANG_ENABLE_MODULES = YES;
				CLANG_ENABLE_OBJC_ARC = YES;
				CLANG_ENABLE_OBJC_WEAK = YES;
				CLANG_WARN_BLOCK_CAPTURE_AUTORELEASING = YES;
				CLANG_WARN_BOOL_CONVERSION = YES;
				CLANG_WARN_COMMA = YES;
				CLANG_WARN_CONSTANT_CONVERSION = YES;
				CLANG_WARN_DEPRECATED_OBJC_IMPLEMENTATIONS = YES;
				CLANG_WARN_DIRECT_OBJC_ISA_USAGE = YES_ERROR;
				CLANG_WARN_DOCUMENTATION_COMMENTS = YES;
				CLANG_WARN_EMPTY_BODY = YES;
				CLANG_WARN_ENUM_CONVERSION = YES;
				CLANG_WARN_INFINITE_RECURSION = YES;
				CLANG_WARN_INT_CONVERSION = YES;
				CLANG_WARN_NON_LITERAL_NULL_CONVERSION = YES;
				CLANG_WARN_OBJC_IMPLICIT_RETAIN_SELF = YES;
				CLANG_WARN_OBJC_LITERAL_CONVERSION = YES;
				CLANG_WARN_OBJC_ROOT_CLASS = YES_ERROR;
				CLANG_WARN_RANGE_LOOP_ANALYSIS = YES;
				CLANG_WARN_STRICT_PROTOTYPES = YES;
				CLANG_WARN_SUSPICIOUS_MOVE = YES;
				CLANG_WARN_UNGUARDED_AVAILABILITY = YES_AGGRESSIVE;
				CLANG_WARN_UNREACHABLE_CODE = YES;
				CLANG_WARN__DUPLICATE_METHOD_MATCH = YES;
				COPY_PHASE_STRIP = NO;
				DEBUG_INFORMATION_FORMAT = "dwarf-with-dsym";
				ENABLE_NS_ASSERTIONS = NO;
				ENABLE_STRICT_OBJC_MSGSEND = YES;
				GCC_C_LANGUAGE_STANDARD = gnu11;
				GCC_NO_COMMON_BLOCKS = YES;
				GCC_WARN_64_TO_32_BIT_CONVERSION = YES;
				GCC_WARN_ABOUT_RETURN_TYPE = YES_ERROR;
				GCC_WARN_UNDECLARED_SELECTOR = YES;
				GCC_WARN_UNINITIALIZED_AUTOS = YES_AGGRESSIVE;
				GCC_WARN_UNUSED_FUNCTION = YES;
				GCC_WARN_UNUSED_VARIABLE = YES;
				IPHONEOS_DEPLOYMENT_TARGET = 13.4;
				MTL_ENABLE_DEBUG_INFO = NO;
				MTL_FAST_MATH = YES;
				SDKROOT = iphoneos;
				SWIFT_COMPILATION_MODE = wholemodule;
				SWIFT_OPTIMIZATION_LEVEL = "-O";
				VALIDATE_PRODUCT = YES;
			};
			name = Release;
		};
		521CD85224460A4F0030F6EA /* Debug */ = {
			isa = XCBuildConfiguration;
			buildSettings = {
				ASSETCATALOG_COMPILER_APPICON_NAME = AppIcon;
				CODE_SIGN_STYLE = Automatic;
				INFOPLIST_FILE = "Cafetria-No-Storyboard/Info.plist";
				LD_RUNPATH_SEARCH_PATHS = (
					"$(inherited)",
					"@executable_path/Frameworks",
				);
				PRODUCT_BUNDLE_IDENTIFIER = "com.ramadan.Cafetria-No-Storyboard";
				PRODUCT_NAME = "$(TARGET_NAME)";
				SWIFT_VERSION = 5.0;
				TARGETED_DEVICE_FAMILY = "1,2";
			};
			name = Debug;
		};
		521CD85324460A4F0030F6EA /* Release */ = {
			isa = XCBuildConfiguration;
			buildSettings = {
				ASSETCATALOG_COMPILER_APPICON_NAME = AppIcon;
				CODE_SIGN_STYLE = Automatic;
				INFOPLIST_FILE = "Cafetria-No-Storyboard/Info.plist";
				LD_RUNPATH_SEARCH_PATHS = (
					"$(inherited)",
					"@executable_path/Frameworks",
				);
				PRODUCT_BUNDLE_IDENTIFIER = "com.ramadan.Cafetria-No-Storyboard";
				PRODUCT_NAME = "$(TARGET_NAME)";
				SWIFT_VERSION = 5.0;
				TARGETED_DEVICE_FAMILY = "1,2";
			};
			name = Release;
		};
/* End XCBuildConfiguration section */

/* Begin XCConfigurationList section */
		521CD83824460A4E0030F6EA /* Build configuration list for PBXProject "Cafetria-No-Storyboard" */ = {
			isa = XCConfigurationList;
			buildConfigurations = (
				521CD84F24460A4F0030F6EA /* Debug */,
				521CD85024460A4F0030F6EA /* Release */,
			);
			defaultConfigurationIsVisible = 0;
			defaultConfigurationName = Release;
		};
		521CD85124460A4F0030F6EA /* Build configuration list for PBXNativeTarget "Cafetria-No-Storyboard" */ = {
			isa = XCConfigurationList;
			buildConfigurations = (
				521CD85224460A4F0030F6EA /* Debug */,
				521CD85324460A4F0030F6EA /* Release */,
			);
			defaultConfigurationIsVisible = 0;
			defaultConfigurationName = Release;
		};
/* End XCConfigurationList section */
	};
	rootObject = 521CD83524460A4E0030F6EA /* Project object */;
}
